
Microsoft Visual Studio Solution File, Format Version 12.00
# Visual Studio Version 16
VisualStudioVersion = 16.0.31019.35
MinimumVisualStudioVersion = 10.0.40219.1
Project("{9A19103F-16F7-4668-BE54-9A1E7A4F7556}") = "PhoneBook.Entities", "PhoneBook.Entities\PhoneBook.Entities.csproj", "{C6443810-FEF6-417C-9259-F6D48A311BE2}"
EndProject
Project("{9A19103F-16F7-4668-BE54-9A1E7A4F7556}") = "PhoneBook.NaiveLsmTree", "PhoneBook.NaiveLsmTree\PhoneBook.NaiveLsmTree.csproj", "{BB6A63BE-2DB6-460A-BA5F-C1F84D01BDAD}"
EndProject
Project("{9A19103F-16F7-4668-BE54-9A1E7A4F7556}") = "PhoneBook.Demo", "PhoneBook.Demo\PhoneBook.Demo.csproj", "{96131D1E-2BD4-4F64-86A5-DD7220CF743E}"
EndProject
Project("{FAE04EC0-301F-11D3-BF4B-00C04F79EFBC}") = "phone-book", "phone-book\phone-book.csproj", "{6FA26474-61D7-4B40-B232-6B4DAE071B87}"
EndProject
Global
	GlobalSection(SolutionConfigurationPlatforms) = preSolution
		Debug|Any CPU = Debug|Any CPU
		Release|Any CPU = Release|Any CPU
	EndGlobalSection
	GlobalSection(ProjectConfigurationPlatforms) = postSolution
		{C6443810-FEF6-417C-9259-F6D48A311BE2}.Debug|Any CPU.ActiveCfg = Debug|Any CPU
		{C6443810-FEF6-417C-9259-F6D48A311BE2}.Debug|Any CPU.Build.0 = Debug|Any CPU
		{C6443810-FEF6-417C-9259-F6D48A311BE2}.Release|Any CPU.ActiveCfg = Release|Any CPU
		{C6443810-FEF6-417C-9259-F6D48A311BE2}.Release|Any CPU.Build.0 = Release|Any CPU
		{BB6A63BE-2DB6-460A-BA5F-C1F84D01BDAD}.Debug|Any CPU.ActiveCfg = Debug|Any CPU
		{BB6A63BE-2DB6-460A-BA5F-C1F84D01BDAD}.Debug|Any CPU.Build.0 = Debug|Any CPU
		{BB6A63BE-2DB6-460A-BA5F-C1F84D01BDAD}.Release|Any CPU.ActiveCfg = Release|Any CPU
		{BB6A63BE-2DB6-460A-BA5F-C1F84D01BDAD}.Release|Any CPU.Build.0 = Release|Any CPU
		{96131D1E-2BD4-4F64-86A5-DD7220CF743E}.Debug|Any CPU.ActiveCfg = Debug|Any CPU
		{96131D1E-2BD4-4F64-86A5-DD7220CF743E}.Debug|Any CPU.Build.0 = Debug|Any CPU
		{96131D1E-2BD4-4F64-86A5-DD7220CF743E}.Release|Any CPU.ActiveCfg = Release|Any CPU
		{96131D1E-2BD4-4F64-86A5-DD7220CF743E}.Release|Any CPU.Build.0 = Release|Any CPU
		{6FA26474-61D7-4B40-B232-6B4DAE071B87}.Debug|Any CPU.ActiveCfg = Debug|Any CPU
		{6FA26474-61D7-4B40-B232-6B4DAE071B87}.Debug|Any CPU.Build.0 = Debug|Any CPU
		{6FA26474-61D7-4B40-B232-6B4DAE071B87}.Release|Any CPU.ActiveCfg = Release|Any CPU
		{6FA26474-61D7-4B40-B232-6B4DAE071B87}.Release|Any CPU.Build.0 = Release|Any CPU
	EndGlobalSection
	GlobalSection(SolutionProperties) = preSolution
		HideSolutionNode = FALSE
	EndGlobalSection
	GlobalSection(ExtensibilityGlobals) = postSolution
		SolutionGuid = {CB861C94-24C4-4BF6-88C7-338B9B725CC0}
	EndGlobalSection
EndGlobal
